
Microsoft Visual Studio Solution File, Format Version 12.00
# Visual Studio Version 17
VisualStudioVersion = 17.10.34916.146
MinimumVisualStudioVersion = 10.0.40219.1
Project("{FAE04EC0-301F-11D3-BF4B-00C04F79EFBC}") = "AdventOfCode2024_01", "AdventOfCode2024_01\AdventOfCode2024_01.csproj", "{0B73DCC9-034A-4634-80C1-C7B5E4470AE2}"
EndProject
Project("{FAE04EC0-301F-11D3-BF4B-00C04F79EFBC}") = "AdventOfCode2024_02", "AdventOfCode2024_02\AdventOfCode2024_02.csproj", "{4064CC2A-529C-4AC9-9043-DBE83A693D1C}"
EndProject
Project("{FAE04EC0-301F-11D3-BF4B-00C04F79EFBC}") = "AdventOfCode2024_03", "AdventOfCode2024_03\AdventOfCode2024_03.csproj", "{380372E7-D610-4984-8940-DAB6532ED5AB}"
EndProject
Project("{FAE04EC0-301F-11D3-BF4B-00C04F79EFBC}") = "AdventOfCode2024_04", "AdventOfCode2024_04\AdventOfCode2024_04\AdventOfCode2024_04.csproj", "{7DA46795-DE25-4D60-98C5-BA858BD32651}"
EndProject
Global
	GlobalSection(SolutionConfigurationPlatforms) = preSolution
		Debug|Any CPU = Debug|Any CPU
		Release|Any CPU = Release|Any CPU
	EndGlobalSection
	GlobalSection(ProjectConfigurationPlatforms) = postSolution
		{0B73DCC9-034A-4634-80C1-C7B5E4470AE2}.Debug|Any CPU.ActiveCfg = Debug|Any CPU
		{0B73DCC9-034A-4634-80C1-C7B5E4470AE2}.Debug|Any CPU.Build.0 = Debug|Any CPU
		{0B73DCC9-034A-4634-80C1-C7B5E4470AE2}.Release|Any CPU.ActiveCfg = Release|Any CPU
		{0B73DCC9-034A-4634-80C1-C7B5E4470AE2}.Release|Any CPU.Build.0 = Release|Any CPU
		{4064CC2A-529C-4AC9-9043-DBE83A693D1C}.Debug|Any CPU.ActiveCfg = Debug|Any CPU
		{4064CC2A-529C-4AC9-9043-DBE83A693D1C}.Debug|Any CPU.Build.0 = Debug|Any CPU
		{4064CC2A-529C-4AC9-9043-DBE83A693D1C}.Release|Any CPU.ActiveCfg = Release|Any CPU
		{4064CC2A-529C-4AC9-9043-DBE83A693D1C}.Release|Any CPU.Build.0 = Release|Any CPU
		{380372E7-D610-4984-8940-DAB6532ED5AB}.Debug|Any CPU.ActiveCfg = Debug|Any CPU
		{380372E7-D610-4984-8940-DAB6532ED5AB}.Debug|Any CPU.Build.0 = Debug|Any CPU
		{380372E7-D610-4984-8940-DAB6532ED5AB}.Release|Any CPU.ActiveCfg = Release|Any CPU
		{380372E7-D610-4984-8940-DAB6532ED5AB}.Release|Any CPU.Build.0 = Release|Any CPU
		{7DA46795-DE25-4D60-98C5-BA858BD32651}.Debug|Any CPU.ActiveCfg = Debug|Any CPU
		{7DA46795-DE25-4D60-98C5-BA858BD32651}.Debug|Any CPU.Build.0 = Debug|Any CPU
		{7DA46795-DE25-4D60-98C5-BA858BD32651}.Release|Any CPU.ActiveCfg = Release|Any CPU
		{7DA46795-DE25-4D60-98C5-BA858BD32651}.Release|Any CPU.Build.0 = Release|Any CPU
	EndGlobalSection
	GlobalSection(SolutionProperties) = preSolution
		HideSolutionNode = FALSE
	EndGlobalSection
	GlobalSection(ExtensibilityGlobals) = postSolution
		SolutionGuid = {68698DD9-8D13-4574-9EB0-F162B44EE74D}
	EndGlobalSection
EndGlobal
